{
  "version": 4,
  "terraform_version": "1.5.0",
  "serial": 1,
  "lineage": "mock-lineage-1234",
  "outputs": {},
  "resources": [
    {
      "mode": "managed",
      "type": "aws_instance",
      "name": "cloudpilot_demo",
      "provider": "provider[\"registry.terraform.io/hashicorp/aws\"]",
      "instances": [
        {
          "schema_version": 1,
          "attributes": {
            "ami": "ami-0abcdef1234567890",
            "instance_type": "t3.micro",
            "tags": {
              "Environment": "development",
              "Name": "CloudPilot-Demo",
              "Owner": "CloudPilot"
            }
          }
        }
      ]
    },
    {
      "mode": "managed",
      "type": "aws_db_instance",
      "name": "checkout",
      "provider": "provider[\"registry.terraform.io/hashicorp/aws\"]",
      "instances": [
        {
          "schema_version": 2,
          "attributes": {
            "allocated_storage": 20,
            "engine": "postgres",
            "identifier": "checkout",
            "instance_class": "db.t3.medium",
            "skip_final_snapshot": true,
            "tags": {
              "Environment": "production",
              "Owner": "Payments"
            }
          }
        }
      ]
    }
  ],
  "check_results": null
}
